
Microsoft Visual Studio Solution File, Format Version 12.00
# Visual Studio Version 17
VisualStudioVersion = 17.8.34525.116
MinimumVisualStudioVersion = 10.0.40219.1
Project("{FAE04EC0-301F-11D3-BF4B-00C04F79EFBC}") = "ejemplo1", "ejemplo1\ejemplo1.csproj", "{02DDF1F3-F239-460E-BC14-587D887B7E85}"
EndProject
Project("{FAE04EC0-301F-11D3-BF4B-00C04F79EFBC}") = "DatosLayer", "DatosLayer\DatosLayer.csproj", "{EB4910C0-449E-414B-BF9C-D64B11104BD2}"
EndProject
Global
	GlobalSection(SolutionConfigurationPlatforms) = preSolution
		Debug|Any CPU = Debug|Any CPU
		Release|Any CPU = Release|Any CPU
	EndGlobalSection
	GlobalSection(ProjectConfigurationPlatforms) = postSolution
		{02DDF1F3-F239-460E-BC14-587D887B7E85}.Debug|Any CPU.ActiveCfg = Debug|Any CPU
		{02DDF1F3-F239-460E-BC14-587D887B7E85}.Debug|Any CPU.Build.0 = Debug|Any CPU
		{02DDF1F3-F239-460E-BC14-587D887B7E85}.Release|Any CPU.ActiveCfg = Release|Any CPU
		{02DDF1F3-F239-460E-BC14-587D887B7E85}.Release|Any CPU.Build.0 = Release|Any CPU
		{EB4910C0-449E-414B-BF9C-D64B11104BD2}.Debug|Any CPU.ActiveCfg = Debug|Any CPU
		{EB4910C0-449E-414B-BF9C-D64B11104BD2}.Debug|Any CPU.Build.0 = Debug|Any CPU
		{EB4910C0-449E-414B-BF9C-D64B11104BD2}.Release|Any CPU.ActiveCfg = Release|Any CPU
		{EB4910C0-449E-414B-BF9C-D64B11104BD2}.Release|Any CPU.Build.0 = Release|Any CPU
	EndGlobalSection
	GlobalSection(SolutionProperties) = preSolution
		HideSolutionNode = FALSE
	EndGlobalSection
	GlobalSection(ExtensibilityGlobals) = postSolution
		SolutionGuid = {EE44D211-2E1E-4284-A9CC-C3BD436F0FE7}
	EndGlobalSection
EndGlobal
